
Microsoft Visual Studio Solution File, Format Version 12.00
# Visual Studio Version 16
VisualStudioVersion = 25.0.1706.8
MinimumVisualStudioVersion = 10.0.40219.1
Project("{FAE04EC0-301F-11D3-BF4B-00C04F79EFBC}") = "Task", "Task\Task.csproj", "{19C4D231-DC11-47E4-83A3-EF72EA253F9A}"
EndProject
Global
	GlobalSection(SolutionConfigurationPlatforms) = preSolution
		Debug|Any CPU = Debug|Any CPU
		Release|Any CPU = Release|Any CPU
	EndGlobalSection
	GlobalSection(ProjectConfigurationPlatforms) = postSolution
		{19C4D231-DC11-47E4-83A3-EF72EA253F9A}.Debug|Any CPU.ActiveCfg = Debug|Any CPU
		{19C4D231-DC11-47E4-83A3-EF72EA253F9A}.Debug|Any CPU.Build.0 = Debug|Any CPU
		{19C4D231-DC11-47E4-83A3-EF72EA253F9A}.Release|Any CPU.ActiveCfg = Release|Any CPU
		{19C4D231-DC11-47E4-83A3-EF72EA253F9A}.Release|Any CPU.Build.0 = Release|Any CPU
	EndGlobalSection
	GlobalSection(SolutionProperties) = preSolution
		HideSolutionNode = FALSE
	EndGlobalSection
	GlobalSection(ExtensibilityGlobals) = postSolution
		SolutionGuid = {CBA8119C-1334-4651-9236-2C93765B535F}
	EndGlobalSection
EndGlobal
